
Microsoft Visual Studio Solution File, Format Version 12.00
# Visual Studio 14
VisualStudioVersion = 14.0.25420.1
MinimumVisualStudioVersion = 10.0.40219.1
Project("{FAE04EC0-301F-11D3-BF4B-00C04F79EFBC}") = "main", "main\main.csproj", "{A67593F3-399B-429F-8653-5AB8CFF7B462}"
EndProject
Global
	GlobalSection(SolutionConfigurationPlatforms) = preSolution
		Debug|Any CPU = Debug|Any CPU
		Release|Any CPU = Release|Any CPU
	EndGlobalSection
	GlobalSection(ProjectConfigurationPlatforms) = postSolution
		{A67593F3-399B-429F-8653-5AB8CFF7B462}.Debug|Any CPU.ActiveCfg = Debug|Any CPU
		{A67593F3-399B-429F-8653-5AB8CFF7B462}.Debug|Any CPU.Build.0 = Debug|Any CPU
		{A67593F3-399B-429F-8653-5AB8CFF7B462}.Release|Any CPU.ActiveCfg = Release|Any CPU
		{A67593F3-399B-429F-8653-5AB8CFF7B462}.Release|Any CPU.Build.0 = Release|Any CPU
	EndGlobalSection
	GlobalSection(SolutionProperties) = preSolution
		HideSolutionNode = FALSE
	EndGlobalSection
EndGlobal
